
Microsoft Visual Studio Solution File, Format Version 12.00
# Visual Studio Version 17
VisualStudioVersion = 17.6.33801.468
MinimumVisualStudioVersion = 10.0.40219.1
Project("{2150E333-8FDC-42A3-9474-1A3956D46DE8}") = "Basic", "Basic", "{47AEAADC-CBC5-4EF2-A2EE-390652080473}"
EndProject
Project("{9A19103F-16F7-4668-BE54-9A1E7A4F7556}") = "NorthwindWebMvc.Basic", "NorthwindWebMvc.Basic\NorthwindWebMvc.Basic.csproj", "{A6EE359C-E943-4937-A0BB-329253FCD399}"
EndProject
Project("{9A19103F-16F7-4668-BE54-9A1E7A4F7556}") = "NorthwindXUnit.Basic", "NorthwindXUnit.Basic\NorthwindXUnit.Basic.csproj", "{720B71F6-A566-43F0-8EA4-878AA875D4D3}"
EndProject
Project("{2150E333-8FDC-42A3-9474-1A3956D46DE8}") = "Core", "Core", "{EF52E1CB-67AA-4635-985B-10348F54EF2E}"
EndProject
Project("{2150E333-8FDC-42A3-9474-1A3956D46DE8}") = "Infrastructure", "Infrastructure", "{B9046C1D-FF50-4086-AFC0-006C57C3779E}"
EndProject
Project("{FAE04EC0-301F-11D3-BF4B-00C04F79EFBC}") = "Northwind.WebAPI", "Northwind.WebAPI\Northwind.WebAPI.csproj", "{9BC5472F-6424-4439-BF12-6C2BFFAFB640}"
EndProject
Project("{FAE04EC0-301F-11D3-BF4B-00C04F79EFBC}") = "Northwind.Domain", "Northwind.Domain\Northwind.Domain.csproj", "{3942B1E6-7604-4F99-AED3-AB825CD507D5}"
EndProject
Project("{FAE04EC0-301F-11D3-BF4B-00C04F79EFBC}") = "Northwind.Contract", "Northwind.Contract\Northwind.Contract.csproj", "{8A3CF2AF-7D10-4709-98DE-C1A93A25B0FE}"
EndProject
Project("{FAE04EC0-301F-11D3-BF4B-00C04F79EFBC}") = "Northwind.Service", "Northwind.Service\Northwind.Service.csproj", "{F83C3D86-2086-4FE7-8060-B99772AC6126}"
EndProject
Project("{FAE04EC0-301F-11D3-BF4B-00C04F79EFBC}") = "Northwind.Service.Abstraction", "Northwind.Service.Abstraction\Northwind.Service.Abstraction.csproj", "{CA0B10EA-0024-4209-9FE1-EADC4A347D35}"
EndProject
Project("{FAE04EC0-301F-11D3-BF4B-00C04F79EFBC}") = "Northwind.Persistence", "Northwind.Persistence\Northwind.Persistence.csproj", "{17CCBC74-B320-4CFB-8DD3-E5204F258061}"
EndProject
Global
	GlobalSection(SolutionConfigurationPlatforms) = preSolution
		Debug|Any CPU = Debug|Any CPU
		Release|Any CPU = Release|Any CPU
	EndGlobalSection
	GlobalSection(ProjectConfigurationPlatforms) = postSolution
		{A6EE359C-E943-4937-A0BB-329253FCD399}.Debug|Any CPU.ActiveCfg = Debug|Any CPU
		{A6EE359C-E943-4937-A0BB-329253FCD399}.Debug|Any CPU.Build.0 = Debug|Any CPU
		{A6EE359C-E943-4937-A0BB-329253FCD399}.Release|Any CPU.ActiveCfg = Release|Any CPU
		{A6EE359C-E943-4937-A0BB-329253FCD399}.Release|Any CPU.Build.0 = Release|Any CPU
		{720B71F6-A566-43F0-8EA4-878AA875D4D3}.Debug|Any CPU.ActiveCfg = Debug|Any CPU
		{720B71F6-A566-43F0-8EA4-878AA875D4D3}.Debug|Any CPU.Build.0 = Debug|Any CPU
		{720B71F6-A566-43F0-8EA4-878AA875D4D3}.Release|Any CPU.ActiveCfg = Release|Any CPU
		{720B71F6-A566-43F0-8EA4-878AA875D4D3}.Release|Any CPU.Build.0 = Release|Any CPU
		{9BC5472F-6424-4439-BF12-6C2BFFAFB640}.Debug|Any CPU.ActiveCfg = Debug|Any CPU
		{9BC5472F-6424-4439-BF12-6C2BFFAFB640}.Debug|Any CPU.Build.0 = Debug|Any CPU
		{9BC5472F-6424-4439-BF12-6C2BFFAFB640}.Release|Any CPU.ActiveCfg = Release|Any CPU
		{9BC5472F-6424-4439-BF12-6C2BFFAFB640}.Release|Any CPU.Build.0 = Release|Any CPU
		{3942B1E6-7604-4F99-AED3-AB825CD507D5}.Debug|Any CPU.ActiveCfg = Debug|Any CPU
		{3942B1E6-7604-4F99-AED3-AB825CD507D5}.Debug|Any CPU.Build.0 = Debug|Any CPU
		{3942B1E6-7604-4F99-AED3-AB825CD507D5}.Release|Any CPU.ActiveCfg = Release|Any CPU
		{3942B1E6-7604-4F99-AED3-AB825CD507D5}.Release|Any CPU.Build.0 = Release|Any CPU
		{8A3CF2AF-7D10-4709-98DE-C1A93A25B0FE}.Debug|Any CPU.ActiveCfg = Debug|Any CPU
		{8A3CF2AF-7D10-4709-98DE-C1A93A25B0FE}.Debug|Any CPU.Build.0 = Debug|Any CPU
		{8A3CF2AF-7D10-4709-98DE-C1A93A25B0FE}.Release|Any CPU.ActiveCfg = Release|Any CPU
		{8A3CF2AF-7D10-4709-98DE-C1A93A25B0FE}.Release|Any CPU.Build.0 = Release|Any CPU
		{F83C3D86-2086-4FE7-8060-B99772AC6126}.Debug|Any CPU.ActiveCfg = Debug|Any CPU
		{F83C3D86-2086-4FE7-8060-B99772AC6126}.Debug|Any CPU.Build.0 = Debug|Any CPU
		{F83C3D86-2086-4FE7-8060-B99772AC6126}.Release|Any CPU.ActiveCfg = Release|Any CPU
		{F83C3D86-2086-4FE7-8060-B99772AC6126}.Release|Any CPU.Build.0 = Release|Any CPU
		{CA0B10EA-0024-4209-9FE1-EADC4A347D35}.Debug|Any CPU.ActiveCfg = Debug|Any CPU
		{CA0B10EA-0024-4209-9FE1-EADC4A347D35}.Debug|Any CPU.Build.0 = Debug|Any CPU
		{CA0B10EA-0024-4209-9FE1-EADC4A347D35}.Release|Any CPU.ActiveCfg = Release|Any CPU
		{CA0B10EA-0024-4209-9FE1-EADC4A347D35}.Release|Any CPU.Build.0 = Release|Any CPU
		{17CCBC74-B320-4CFB-8DD3-E5204F258061}.Debug|Any CPU.ActiveCfg = Debug|Any CPU
		{17CCBC74-B320-4CFB-8DD3-E5204F258061}.Debug|Any CPU.Build.0 = Debug|Any CPU
		{17CCBC74-B320-4CFB-8DD3-E5204F258061}.Release|Any CPU.ActiveCfg = Release|Any CPU
		{17CCBC74-B320-4CFB-8DD3-E5204F258061}.Release|Any CPU.Build.0 = Release|Any CPU
	EndGlobalSection
	GlobalSection(SolutionProperties) = preSolution
		HideSolutionNode = FALSE
	EndGlobalSection
	GlobalSection(NestedProjects) = preSolution
		{A6EE359C-E943-4937-A0BB-329253FCD399} = {47AEAADC-CBC5-4EF2-A2EE-390652080473}
		{720B71F6-A566-43F0-8EA4-878AA875D4D3} = {47AEAADC-CBC5-4EF2-A2EE-390652080473}
		{3942B1E6-7604-4F99-AED3-AB825CD507D5} = {EF52E1CB-67AA-4635-985B-10348F54EF2E}
		{8A3CF2AF-7D10-4709-98DE-C1A93A25B0FE} = {EF52E1CB-67AA-4635-985B-10348F54EF2E}
		{F83C3D86-2086-4FE7-8060-B99772AC6126} = {EF52E1CB-67AA-4635-985B-10348F54EF2E}
		{CA0B10EA-0024-4209-9FE1-EADC4A347D35} = {EF52E1CB-67AA-4635-985B-10348F54EF2E}
		{17CCBC74-B320-4CFB-8DD3-E5204F258061} = {B9046C1D-FF50-4086-AFC0-006C57C3779E}
	EndGlobalSection
	GlobalSection(ExtensibilityGlobals) = postSolution
		SolutionGuid = {F1D09946-CB3F-4E87-B694-35D834B73DB1}
	EndGlobalSection
EndGlobal
